// !$*UTF8*$!
{
	archiveVersion = 1;
	classes = {
	};
	objectVersion = 46;
	objects = {

/* Begin PBXBuildFile section */
		9EC5DBF9155F291E0041A05D /* WriteBack.cpp in Sources */ = {isa = PBXBuildFile; fileRef = 9EC5DBF8155F291E0041A05D /* WriteBack.cpp */; };
		D43CBA25155F85790068BB09 /* Fetched.cpp in Sources */ = {isa = PBXBuildFile; fileRef = D43CBA24155F85790068BB09 /* Fetched.cpp */; };
		D43CBA27155F85FC0068BB09 /* Decoded.cpp in Sources */ = {isa = PBXBuildFile; fileRef = D43CBA26155F85FC0068BB09 /* Decoded.cpp */; };
		D43CBA29155F86020068BB09 /* Executed.cpp in Sources */ = {isa = PBXBuildFile; fileRef = D43CBA28155F86020068BB09 /* Executed.cpp */; };
		D43CBA2B155F86060068BB09 /* Memoried.cpp in Sources */ = {isa = PBXBuildFile; fileRef = D43CBA2A155F86060068BB09 /* Memoried.cpp */; };
		D4FC64FD155E07BD00CD7E9E /* CS154Project3.1 in CopyFiles */ = {isa = PBXBuildFile; fileRef = D4FC64FC155E07BD00CD7E9E /* CS154Project3.1 */; };
		D4FC6508155E157000CD7E9E /* Decoder.cpp in Sources */ = {isa = PBXBuildFile; fileRef = D4FC6507155E157000CD7E9E /* Decoder.cpp */; };
		D4FC650B155E255800CD7E9E /* Fetch.cpp in Sources */ = {isa = PBXBuildFile; fileRef = D4FC650A155E255800CD7E9E /* Fetch.cpp */; };
		D4FC650F155E278C00CD7E9E /* Memory.cpp in Sources */ = {isa = PBXBuildFile; fileRef = D4FC650E155E278C00CD7E9E /* Memory.cpp */; };
		D4FC6512155E27CE00CD7E9E /* Execute.cpp in Sources */ = {isa = PBXBuildFile; fileRef = D4FC6511155E27CE00CD7E9E /* Execute.cpp */; };
		D4FC6514155E280800CD7E9E /* driver.cpp in Sources */ = {isa = PBXBuildFile; fileRef = D4FC6513155E280800CD7E9E /* driver.cpp */; };
/* End PBXBuildFile section */

/* Begin PBXCopyFilesBuildPhase section */
		D4FC64F4155E07BD00CD7E9E /* CopyFiles */ = {
			isa = PBXCopyFilesBuildPhase;
			buildActionMask = 2147483647;
			dstPath = /usr/share/man/man1/;
			dstSubfolderSpec = 0;
			files = (
				D4FC64FD155E07BD00CD7E9E /* CS154Project3.1 in CopyFiles */,
			);
			runOnlyForDeploymentPostprocessing = 1;
		};
/* End PBXCopyFilesBuildPhase section */

/* Begin PBXFileReference section */
		9EC5DBF8155F291E0041A05D /* WriteBack.cpp */ = {isa = PBXFileReference; fileEncoding = 4; lastKnownFileType = sourcecode.cpp.cpp; path = WriteBack.cpp; sourceTree = "<group>"; };
		9EC5DBFB155F29250041A05D /* WriteBack.h */ = {isa = PBXFileReference; fileEncoding = 4; lastKnownFileType = sourcecode.c.h; path = WriteBack.h; sourceTree = "<group>"; };
		D43CBA22155F85730068BB09 /* Fetched.h */ = {isa = PBXFileReference; lastKnownFileType = sourcecode.c.h; path = Fetched.h; sourceTree = "<group>"; };
		D43CBA24155F85790068BB09 /* Fetched.cpp */ = {isa = PBXFileReference; fileEncoding = 4; lastKnownFileType = sourcecode.cpp.cpp; path = Fetched.cpp; sourceTree = "<group>"; };
		D43CBA26155F85FC0068BB09 /* Decoded.cpp */ = {isa = PBXFileReference; fileEncoding = 4; lastKnownFileType = sourcecode.cpp.cpp; path = Decoded.cpp; sourceTree = "<group>"; };
		D43CBA28155F86020068BB09 /* Executed.cpp */ = {isa = PBXFileReference; fileEncoding = 4; lastKnownFileType = sourcecode.cpp.cpp; path = Executed.cpp; sourceTree = "<group>"; };
		D43CBA2A155F86060068BB09 /* Memoried.cpp */ = {isa = PBXFileReference; fileEncoding = 4; lastKnownFileType = sourcecode.cpp.cpp; path = Memoried.cpp; sourceTree = "<group>"; };
		D43CBA2C155F860F0068BB09 /* Decoded.h */ = {isa = PBXFileReference; lastKnownFileType = sourcecode.c.h; path = Decoded.h; sourceTree = "<group>"; };
		D43CBA2D155F86130068BB09 /* Executed.h */ = {isa = PBXFileReference; lastKnownFileType = sourcecode.c.h; path = Executed.h; sourceTree = "<group>"; };
		D43CBA2E155F86190068BB09 /* Memoried.h */ = {isa = PBXFileReference; lastKnownFileType = sourcecode.c.h; path = Memoried.h; sourceTree = "<group>"; };
		D47EE955155E2FC7005B62A1 /* driver.h */ = {isa = PBXFileReference; lastKnownFileType = sourcecode.c.h; path = driver.h; sourceTree = "<group>"; };
		D4FC64F6155E07BD00CD7E9E /* CS154Project3 */ = {isa = PBXFileReference; explicitFileType = "compiled.mach-o.executable"; includeInIndex = 0; path = CS154Project3; sourceTree = BUILT_PRODUCTS_DIR; };
		D4FC64FC155E07BD00CD7E9E /* CS154Project3.1 */ = {isa = PBXFileReference; lastKnownFileType = text.man; path = CS154Project3.1; sourceTree = "<group>"; };
		D4FC6507155E157000CD7E9E /* Decoder.cpp */ = {isa = PBXFileReference; fileEncoding = 4; lastKnownFileType = sourcecode.cpp.cpp; path = Decoder.cpp; sourceTree = "<group>"; };
		D4FC6509155E15DD00CD7E9E /* Decoder.h */ = {isa = PBXFileReference; lastKnownFileType = sourcecode.c.h; path = Decoder.h; sourceTree = "<group>"; };
		D4FC650A155E255800CD7E9E /* Fetch.cpp */ = {isa = PBXFileReference; fileEncoding = 4; lastKnownFileType = sourcecode.cpp.cpp; path = Fetch.cpp; sourceTree = "<group>"; };
		D4FC650C155E256000CD7E9E /* Fetch.h */ = {isa = PBXFileReference; lastKnownFileType = sourcecode.c.h; path = Fetch.h; sourceTree = "<group>"; };
		D4FC650D155E276A00CD7E9E /* Memory.h */ = {isa = PBXFileReference; lastKnownFileType = sourcecode.c.h; path = Memory.h; sourceTree = "<group>"; };
		D4FC650E155E278C00CD7E9E /* Memory.cpp */ = {isa = PBXFileReference; fileEncoding = 4; lastKnownFileType = sourcecode.cpp.cpp; path = Memory.cpp; sourceTree = "<group>"; };
		D4FC6510155E27BA00CD7E9E /* Execute.h */ = {isa = PBXFileReference; lastKnownFileType = sourcecode.c.h; path = Execute.h; sourceTree = "<group>"; };
		D4FC6511155E27CE00CD7E9E /* Execute.cpp */ = {isa = PBXFileReference; fileEncoding = 4; lastKnownFileType = sourcecode.cpp.cpp; path = Execute.cpp; sourceTree = "<group>"; };
		D4FC6513155E280800CD7E9E /* driver.cpp */ = {isa = PBXFileReference; fileEncoding = 4; lastKnownFileType = sourcecode.cpp.cpp; path = driver.cpp; sourceTree = "<group>"; };
/* End PBXFileReference section */

/* Begin PBXFrameworksBuildPhase section */
		D4FC64F3155E07BD00CD7E9E /* Frameworks */ = {
			isa = PBXFrameworksBuildPhase;
			buildActionMask = 2147483647;
			files = (
			);
			runOnlyForDeploymentPostprocessing = 0;
		};
/* End PBXFrameworksBuildPhase section */

/* Begin PBXGroup section */
		D4FC64EB155E07BD00CD7E9E = {
			isa = PBXGroup;
			children = (
				D4FC64F9155E07BD00CD7E9E /* CS154Project3 */,
				D4FC64F7155E07BD00CD7E9E /* Products */,
			);
			sourceTree = "<group>";
		};
		D4FC64F7155E07BD00CD7E9E /* Products */ = {
			isa = PBXGroup;
			children = (
				D4FC64F6155E07BD00CD7E9E /* CS154Project3 */,
			);
			name = Products;
			sourceTree = "<group>";
		};
		D4FC64F9155E07BD00CD7E9E /* CS154Project3 */ = {
			isa = PBXGroup;
			children = (
				D4FC6513155E280800CD7E9E /* driver.cpp */,
				D47EE955155E2FC7005B62A1 /* driver.h */,
				D4FC650A155E255800CD7E9E /* Fetch.cpp */,
				D4FC650C155E256000CD7E9E /* Fetch.h */,
				D4FC6507155E157000CD7E9E /* Decoder.cpp */,
				D4FC6509155E15DD00CD7E9E /* Decoder.h */,
				D4FC650E155E278C00CD7E9E /* Memory.cpp */,
				D4FC650D155E276A00CD7E9E /* Memory.h */,
				D4FC6511155E27CE00CD7E9E /* Execute.cpp */,
				D4FC6510155E27BA00CD7E9E /* Execute.h */,
				9EC5DBF8155F291E0041A05D /* WriteBack.cpp */,
				9EC5DBFB155F29250041A05D /* WriteBack.h */,
				D43CBA24155F85790068BB09 /* Fetched.cpp */,
				D43CBA22155F85730068BB09 /* Fetched.h */,
				D43CBA26155F85FC0068BB09 /* Decoded.cpp */,
				D43CBA2C155F860F0068BB09 /* Decoded.h */,
				D43CBA28155F86020068BB09 /* Executed.cpp */,
				D43CBA2D155F86130068BB09 /* Executed.h */,
				D43CBA2A155F86060068BB09 /* Memoried.cpp */,
				D43CBA2E155F86190068BB09 /* Memoried.h */,
				D4FC64FC155E07BD00CD7E9E /* CS154Project3.1 */,
			);
			path = CS154Project3;
			sourceTree = "<group>";
		};
/* End PBXGroup section */

/* Begin PBXNativeTarget section */
		D4FC64F5155E07BD00CD7E9E /* CS154Project3 */ = {
			isa = PBXNativeTarget;
			buildConfigurationList = D4FC6500155E07BD00CD7E9E /* Build configuration list for PBXNativeTarget "CS154Project3" */;
			buildPhases = (
				D4FC64F2155E07BD00CD7E9E /* Sources */,
				D4FC64F3155E07BD00CD7E9E /* Frameworks */,
				D4FC64F4155E07BD00CD7E9E /* CopyFiles */,
			);
			buildRules = (
			);
			dependencies = (
			);
			name = CS154Project3;
			productName = CS154Project3;
			productReference = D4FC64F6155E07BD00CD7E9E /* CS154Project3 */;
			productType = "com.apple.product-type.tool";
		};
/* End PBXNativeTarget section */

/* Begin PBXProject section */
		D4FC64ED155E07BD00CD7E9E /* Project object */ = {
			isa = PBXProject;
			attributes = {
				LastUpgradeCheck = 0430;
			};
			buildConfigurationList = D4FC64F0155E07BD00CD7E9E /* Build configuration list for PBXProject "CS154Project3" */;
			compatibilityVersion = "Xcode 3.2";
			developmentRegion = English;
			hasScannedForEncodings = 0;
			knownRegions = (
				en,
			);
			mainGroup = D4FC64EB155E07BD00CD7E9E;
			productRefGroup = D4FC64F7155E07BD00CD7E9E /* Products */;
			projectDirPath = "";
			projectRoot = "";
			targets = (
				D4FC64F5155E07BD00CD7E9E /* CS154Project3 */,
			);
		};
/* End PBXProject section */

/* Begin PBXSourcesBuildPhase section */
		D4FC64F2155E07BD00CD7E9E /* Sources */ = {
			isa = PBXSourcesBuildPhase;
			buildActionMask = 2147483647;
			files = (
				D4FC6508155E157000CD7E9E /* Decoder.cpp in Sources */,
				D4FC650B155E255800CD7E9E /* Fetch.cpp in Sources */,
				D4FC650F155E278C00CD7E9E /* Memory.cpp in Sources */,
				D4FC6512155E27CE00CD7E9E /* Execute.cpp in Sources */,
				D4FC6514155E280800CD7E9E /* driver.cpp in Sources */,
				9EC5DBF9155F291E0041A05D /* WriteBack.cpp in Sources */,
				D43CBA25155F85790068BB09 /* Fetched.cpp in Sources */,
				D43CBA27155F85FC0068BB09 /* Decoded.cpp in Sources */,
				D43CBA29155F86020068BB09 /* Executed.cpp in Sources */,
				D43CBA2B155F86060068BB09 /* Memoried.cpp in Sources */,
			);
			runOnlyForDeploymentPostprocessing = 0;
		};
/* End PBXSourcesBuildPhase section */

/* Begin XCBuildConfiguration section */
		D4FC64FE155E07BD00CD7E9E /* Debug */ = {
			isa = XCBuildConfiguration;
			buildSettings = {
				ALWAYS_SEARCH_USER_PATHS = NO;
				ARCHS = "$(ARCHS_STANDARD_64_BIT)";
				CLANG_ENABLE_OBJC_ARC = YES;
				COPY_PHASE_STRIP = NO;
				GCC_C_LANGUAGE_STANDARD = gnu99;
				GCC_DYNAMIC_NO_PIC = NO;
				GCC_ENABLE_OBJC_EXCEPTIONS = YES;
				GCC_OPTIMIZATION_LEVEL = 0;
				GCC_PREPROCESSOR_DEFINITIONS = (
					"DEBUG=1",
					"$(inherited)",
				);
				GCC_SYMBOLS_PRIVATE_EXTERN = NO;
				GCC_VERSION = com.apple.compilers.llvm.clang.1_0;
				GCC_WARN_64_TO_32_BIT_CONVERSION = YES;
				GCC_WARN_ABOUT_RETURN_TYPE = YES;
				GCC_WARN_UNINITIALIZED_AUTOS = YES;
				GCC_WARN_UNUSED_VARIABLE = YES;
				MACOSX_DEPLOYMENT_TARGET = 10.7;
				ONLY_ACTIVE_ARCH = YES;
				SDKROOT = macosx;
			};
			name = Debug;
		};
		D4FC64FF155E07BD00CD7E9E /* Release */ = {
			isa = XCBuildConfiguration;
			buildSettings = {
				ALWAYS_SEARCH_USER_PATHS = NO;
				ARCHS = "$(ARCHS_STANDARD_64_BIT)";
				CLANG_ENABLE_OBJC_ARC = YES;
				COPY_PHASE_STRIP = YES;
				DEBUG_INFORMATION_FORMAT = "dwarf-with-dsym";
				GCC_C_LANGUAGE_STANDARD = gnu99;
				GCC_ENABLE_OBJC_EXCEPTIONS = YES;
				GCC_VERSION = com.apple.compilers.llvm.clang.1_0;
				GCC_WARN_64_TO_32_BIT_CONVERSION = YES;
				GCC_WARN_ABOUT_RETURN_TYPE = YES;
				GCC_WARN_UNINITIALIZED_AUTOS = YES;
				GCC_WARN_UNUSED_VARIABLE = YES;
				MACOSX_DEPLOYMENT_TARGET = 10.7;
				SDKROOT = macosx;
			};
			name = Release;
		};
		D4FC6501155E07BD00CD7E9E /* Debug */ = {
			isa = XCBuildConfiguration;
			buildSettings = {
				PRODUCT_NAME = "$(TARGET_NAME)";
			};
			name = Debug;
		};
		D4FC6502155E07BD00CD7E9E /* Release */ = {
			isa = XCBuildConfiguration;
			buildSettings = {
				PRODUCT_NAME = "$(TARGET_NAME)";
			};
			name = Release;
		};
/* End XCBuildConfiguration section */

/* Begin XCConfigurationList section */
		D4FC64F0155E07BD00CD7E9E /* Build configuration list for PBXProject "CS154Project3" */ = {
			isa = XCConfigurationList;
			buildConfigurations = (
				D4FC64FE155E07BD00CD7E9E /* Debug */,
				D4FC64FF155E07BD00CD7E9E /* Release */,
			);
			defaultConfigurationIsVisible = 0;
			defaultConfigurationName = Release;
		};
		D4FC6500155E07BD00CD7E9E /* Build configuration list for PBXNativeTarget "CS154Project3" */ = {
			isa = XCConfigurationList;
			buildConfigurations = (
				D4FC6501155E07BD00CD7E9E /* Debug */,
				D4FC6502155E07BD00CD7E9E /* Release */,
			);
			defaultConfigurationIsVisible = 0;
			defaultConfigurationName = Release;
		};
/* End XCConfigurationList section */
	};
	rootObject = D4FC64ED155E07BD00CD7E9E /* Project object */;
}
